
Microsoft Visual Studio Solution File, Format Version 12.00
# Visual Studio Version 16
VisualStudioVersion = 16.0.30503.244
MinimumVisualStudioVersion = 10.0.40219.1
Project("{FAE04EC0-301F-11D3-BF4B-00C04F79EFBC}") = "AnnoyingNumberOrEnter", "AnnoyingNumberOrEnter\AnnoyingNumberOrEnter.csproj", "{4EAD54D4-B0A2-49F8-B0FE-EB1A68FD30CB}"
EndProject
Global
	GlobalSection(SolutionConfigurationPlatforms) = preSolution
		Debug|Any CPU = Debug|Any CPU
		Release|Any CPU = Release|Any CPU
	EndGlobalSection
	GlobalSection(ProjectConfigurationPlatforms) = postSolution
		{4EAD54D4-B0A2-49F8-B0FE-EB1A68FD30CB}.Debug|Any CPU.ActiveCfg = Debug|Any CPU
		{4EAD54D4-B0A2-49F8-B0FE-EB1A68FD30CB}.Debug|Any CPU.Build.0 = Debug|Any CPU
		{4EAD54D4-B0A2-49F8-B0FE-EB1A68FD30CB}.Release|Any CPU.ActiveCfg = Release|Any CPU
		{4EAD54D4-B0A2-49F8-B0FE-EB1A68FD30CB}.Release|Any CPU.Build.0 = Release|Any CPU
	EndGlobalSection
	GlobalSection(SolutionProperties) = preSolution
		HideSolutionNode = FALSE
	EndGlobalSection
	GlobalSection(ExtensibilityGlobals) = postSolution
		SolutionGuid = {EF657CA0-1269-4C4B-9B45-A3131B7A4C64}
	EndGlobalSection
EndGlobal
